
Microsoft Visual Studio Solution File, Format Version 12.00
# Visual Studio Version 17
VisualStudioVersion = 17.12.35707.178
MinimumVisualStudioVersion = 10.0.40219.1
Project("{FAE04EC0-301F-11D3-BF4B-00C04F79EFBC}") = "SeniorDotnetExercise", "SeniorDotnetExercise.csproj", "{DA4D9A5B-2ABE-4765-881F-FE9301AB484D}"
EndProject
Project("{FAE04EC0-301F-11D3-BF4B-00C04F79EFBC}") = "TestExercise", "..\TestExercise\TestExercise.csproj", "{B78204BB-9E7F-4025-BF51-86CAD33B68D9}"
EndProject
Global
	GlobalSection(SolutionConfigurationPlatforms) = preSolution
		Debug|Any CPU = Debug|Any CPU
		Release|Any CPU = Release|Any CPU
	EndGlobalSection
	GlobalSection(ProjectConfigurationPlatforms) = postSolution
		{DA4D9A5B-2ABE-4765-881F-FE9301AB484D}.Debug|Any CPU.ActiveCfg = Debug|Any CPU
		{DA4D9A5B-2ABE-4765-881F-FE9301AB484D}.Debug|Any CPU.Build.0 = Debug|Any CPU
		{DA4D9A5B-2ABE-4765-881F-FE9301AB484D}.Release|Any CPU.ActiveCfg = Release|Any CPU
		{DA4D9A5B-2ABE-4765-881F-FE9301AB484D}.Release|Any CPU.Build.0 = Release|Any CPU
		{B78204BB-9E7F-4025-BF51-86CAD33B68D9}.Debug|Any CPU.ActiveCfg = Debug|Any CPU
		{B78204BB-9E7F-4025-BF51-86CAD33B68D9}.Debug|Any CPU.Build.0 = Debug|Any CPU
		{B78204BB-9E7F-4025-BF51-86CAD33B68D9}.Release|Any CPU.ActiveCfg = Release|Any CPU
		{B78204BB-9E7F-4025-BF51-86CAD33B68D9}.Release|Any CPU.Build.0 = Release|Any CPU
	EndGlobalSection
	GlobalSection(SolutionProperties) = preSolution
		HideSolutionNode = FALSE
	EndGlobalSection
EndGlobal
